// !$*UTF8*$!
{
	archiveVersion = 1;
	classes = {
	};
	objectVersion = 50;
	objects = {

/* Begin PBXBuildFile section */
		1E27E8FF24A3E58B002B81CE /* StatusBarContainer.swift in Sources */ = {isa = PBXBuildFile; fileRef = 1E27E8FE24A3E58B002B81CE /* StatusBarContainer.swift */; };
		1E27E90124A3EEEA002B81CE /* TransitionDecisionViewController.swift in Sources */ = {isa = PBXBuildFile; fileRef = 1E27E90024A3EEEA002B81CE /* TransitionDecisionViewController.swift */; };
		1E27E90324A3EF55002B81CE /* TransitionDecisionView.swift in Sources */ = {isa = PBXBuildFile; fileRef = 1E27E90224A3EF55002B81CE /* TransitionDecisionView.swift */; };
		1E27E90524A3EF62002B81CE /* TransitionDecisionView.xib in Resources */ = {isa = PBXBuildFile; fileRef = 1E27E90424A3EF62002B81CE /* TransitionDecisionView.xib */; };
		1E3FB100243298C900657F66 /* EventMonitor.swift in Sources */ = {isa = PBXBuildFile; fileRef = 1E3FB0FF243298C900657F66 /* EventMonitor.swift */; };
		1E3FB1022432B0BC00657F66 /* NotificationManager.swift in Sources */ = {isa = PBXBuildFile; fileRef = 1E3FB1012432B0BC00657F66 /* NotificationManager.swift */; };
		1E9A9F2024A2571E00646BF9 /* Constants.swift in Sources */ = {isa = PBXBuildFile; fileRef = 1E9A9F1F24A2571E00646BF9 /* Constants.swift */; };
		1E9A9F2224A25CE000646BF9 /* ActiveFocusSessionView.swift in Sources */ = {isa = PBXBuildFile; fileRef = 1E9A9F2124A25CE000646BF9 /* ActiveFocusSessionView.swift */; };
		1E9A9F2424A25CEB00646BF9 /* ActiveFocusSessionView.xib in Resources */ = {isa = PBXBuildFile; fileRef = 1E9A9F2324A25CEB00646BF9 /* ActiveFocusSessionView.xib */; };
		1E9A9F2624A25FE000646BF9 /* ViewExtensions.swift in Sources */ = {isa = PBXBuildFile; fileRef = 1E9A9F2524A25FE000646BF9 /* ViewExtensions.swift */; };
		1EA5A17124A2486E00C5910B /* FocusSession.swift in Sources */ = {isa = PBXBuildFile; fileRef = 1EA5A17024A2486E00C5910B /* FocusSession.swift */; };
		1EA5A17324A2487B00C5910B /* TimeBlock.swift in Sources */ = {isa = PBXBuildFile; fileRef = 1EA5A17224A2487B00C5910B /* TimeBlock.swift */; };
		1EC8BFA423A4226600FBF015 /* AppDelegate.swift in Sources */ = {isa = PBXBuildFile; fileRef = 1EC8BFA323A4226600FBF015 /* AppDelegate.swift */; };
		1EC8BFA623A4226600FBF015 /* ActiveFocusSessionViewController.swift in Sources */ = {isa = PBXBuildFile; fileRef = 1EC8BFA523A4226600FBF015 /* ActiveFocusSessionViewController.swift */; };
		1EC8BFA923A4226600FBF015 /* flexpom_macos.xcdatamodeld in Sources */ = {isa = PBXBuildFile; fileRef = 1EC8BFA723A4226600FBF015 /* flexpom_macos.xcdatamodeld */; };
		1EC8BFAB23A4226700FBF015 /* Assets.xcassets in Resources */ = {isa = PBXBuildFile; fileRef = 1EC8BFAA23A4226700FBF015 /* Assets.xcassets */; };
		1EC8BFAE23A4226700FBF015 /* Main.storyboard in Resources */ = {isa = PBXBuildFile; fileRef = 1EC8BFAC23A4226700FBF015 /* Main.storyboard */; };
		1EC8BFBA23A4226700FBF015 /* flexpom_macosTests.swift in Sources */ = {isa = PBXBuildFile; fileRef = 1EC8BFB923A4226700FBF015 /* flexpom_macosTests.swift */; };
		1EC8BFC523A4226700FBF015 /* flexpom_macosUITests.swift in Sources */ = {isa = PBXBuildFile; fileRef = 1EC8BFC423A4226700FBF015 /* flexpom_macosUITests.swift */; };
		1EC8BFD423A4229C00FBF015 /* PomodoroTimer.swift in Sources */ = {isa = PBXBuildFile; fileRef = 1EC8BFD323A4229C00FBF015 /* PomodoroTimer.swift */; };
		1EDECCFC24A2520F00265022 /* ActiveFocusSessionViewModel.swift in Sources */ = {isa = PBXBuildFile; fileRef = 1EDECCFB24A2520F00265022 /* ActiveFocusSessionViewModel.swift */; };
		1EE8F7BC24A46BD10085E628 /* eventually.m4r in Resources */ = {isa = PBXBuildFile; fileRef = 1EE8F7BB24A46BD10085E628 /* eventually.m4r */; };
/* End PBXBuildFile section */

/* Begin PBXContainerItemProxy section */
		1EC8BFB623A4226700FBF015 /* PBXContainerItemProxy */ = {
			isa = PBXContainerItemProxy;
			containerPortal = 1EC8BF9823A4226600FBF015 /* Project object */;
			proxyType = 1;
			remoteGlobalIDString = 1EC8BF9F23A4226600FBF015;
			remoteInfo = "flexpom-macos";
		};
		1EC8BFC123A4226700FBF015 /* PBXContainerItemProxy */ = {
			isa = PBXContainerItemProxy;
			containerPortal = 1EC8BF9823A4226600FBF015 /* Project object */;
			proxyType = 1;
			remoteGlobalIDString = 1EC8BF9F23A4226600FBF015;
			remoteInfo = "flexpom-macos";
		};
/* End PBXContainerItemProxy section */

/* Begin PBXFileReference section */
		1E27E8FE24A3E58B002B81CE /* StatusBarContainer.swift */ = {isa = PBXFileReference; lastKnownFileType = sourcecode.swift; path = StatusBarContainer.swift; sourceTree = "<group>"; };
		1E27E90024A3EEEA002B81CE /* TransitionDecisionViewController.swift */ = {isa = PBXFileReference; lastKnownFileType = sourcecode.swift; path = TransitionDecisionViewController.swift; sourceTree = "<group>"; };
		1E27E90224A3EF55002B81CE /* TransitionDecisionView.swift */ = {isa = PBXFileReference; lastKnownFileType = sourcecode.swift; path = TransitionDecisionView.swift; sourceTree = "<group>"; };
		1E27E90424A3EF62002B81CE /* TransitionDecisionView.xib */ = {isa = PBXFileReference; lastKnownFileType = file.xib; path = TransitionDecisionView.xib; sourceTree = "<group>"; };
		1E3FB0FF243298C900657F66 /* EventMonitor.swift */ = {isa = PBXFileReference; lastKnownFileType = sourcecode.swift; path = EventMonitor.swift; sourceTree = "<group>"; };
		1E3FB1012432B0BC00657F66 /* NotificationManager.swift */ = {isa = PBXFileReference; lastKnownFileType = sourcecode.swift; name = NotificationManager.swift; path = "flexpom-macos/Singletons/NotificationManager.swift"; sourceTree = SOURCE_ROOT; };
		1E9A9F1F24A2571E00646BF9 /* Constants.swift */ = {isa = PBXFileReference; lastKnownFileType = sourcecode.swift; path = Constants.swift; sourceTree = "<group>"; };
		1E9A9F2124A25CE000646BF9 /* ActiveFocusSessionView.swift */ = {isa = PBXFileReference; lastKnownFileType = sourcecode.swift; path = ActiveFocusSessionView.swift; sourceTree = "<group>"; };
		1E9A9F2324A25CEB00646BF9 /* ActiveFocusSessionView.xib */ = {isa = PBXFileReference; lastKnownFileType = file.xib; path = ActiveFocusSessionView.xib; sourceTree = "<group>"; };
		1E9A9F2524A25FE000646BF9 /* ViewExtensions.swift */ = {isa = PBXFileReference; lastKnownFileType = sourcecode.swift; path = ViewExtensions.swift; sourceTree = "<group>"; };
		1EA5A17024A2486E00C5910B /* FocusSession.swift */ = {isa = PBXFileReference; lastKnownFileType = sourcecode.swift; path = FocusSession.swift; sourceTree = "<group>"; };
		1EA5A17224A2487B00C5910B /* TimeBlock.swift */ = {isa = PBXFileReference; lastKnownFileType = sourcecode.swift; path = TimeBlock.swift; sourceTree = "<group>"; };
		1EC8BFA023A4226600FBF015 /* flexpom-macos.app */ = {isa = PBXFileReference; explicitFileType = wrapper.application; includeInIndex = 0; path = "flexpom-macos.app"; sourceTree = BUILT_PRODUCTS_DIR; };
		1EC8BFA323A4226600FBF015 /* AppDelegate.swift */ = {isa = PBXFileReference; lastKnownFileType = sourcecode.swift; path = AppDelegate.swift; sourceTree = "<group>"; };
		1EC8BFA523A4226600FBF015 /* ActiveFocusSessionViewController.swift */ = {isa = PBXFileReference; lastKnownFileType = sourcecode.swift; path = ActiveFocusSessionViewController.swift; sourceTree = "<group>"; };
		1EC8BFA823A4226600FBF015 /* flexpom_macos.xcdatamodel */ = {isa = PBXFileReference; lastKnownFileType = wrapper.xcdatamodel; path = flexpom_macos.xcdatamodel; sourceTree = "<group>"; };
		1EC8BFAA23A4226700FBF015 /* Assets.xcassets */ = {isa = PBXFileReference; lastKnownFileType = folder.assetcatalog; path = Assets.xcassets; sourceTree = "<group>"; };
		1EC8BFAD23A4226700FBF015 /* Base */ = {isa = PBXFileReference; lastKnownFileType = file.storyboard; name = Base; path = Base.lproj/Main.storyboard; sourceTree = "<group>"; };
		1EC8BFAF23A4226700FBF015 /* Info.plist */ = {isa = PBXFileReference; lastKnownFileType = text.plist.xml; path = Info.plist; sourceTree = "<group>"; };
		1EC8BFB023A4226700FBF015 /* flexpom_macos.entitlements */ = {isa = PBXFileReference; lastKnownFileType = text.plist.entitlements; path = flexpom_macos.entitlements; sourceTree = "<group>"; };
		1EC8BFB523A4226700FBF015 /* flexpom-macosTests.xctest */ = {isa = PBXFileReference; explicitFileType = wrapper.cfbundle; includeInIndex = 0; path = "flexpom-macosTests.xctest"; sourceTree = BUILT_PRODUCTS_DIR; };
		1EC8BFB923A4226700FBF015 /* flexpom_macosTests.swift */ = {isa = PBXFileReference; lastKnownFileType = sourcecode.swift; path = flexpom_macosTests.swift; sourceTree = "<group>"; };
		1EC8BFBB23A4226700FBF015 /* Info.plist */ = {isa = PBXFileReference; lastKnownFileType = text.plist.xml; path = Info.plist; sourceTree = "<group>"; };
		1EC8BFC023A4226700FBF015 /* flexpom-macosUITests.xctest */ = {isa = PBXFileReference; explicitFileType = wrapper.cfbundle; includeInIndex = 0; path = "flexpom-macosUITests.xctest"; sourceTree = BUILT_PRODUCTS_DIR; };
		1EC8BFC423A4226700FBF015 /* flexpom_macosUITests.swift */ = {isa = PBXFileReference; lastKnownFileType = sourcecode.swift; path = flexpom_macosUITests.swift; sourceTree = "<group>"; };
		1EC8BFC623A4226700FBF015 /* Info.plist */ = {isa = PBXFileReference; lastKnownFileType = text.plist.xml; path = Info.plist; sourceTree = "<group>"; };
		1EC8BFD323A4229C00FBF015 /* PomodoroTimer.swift */ = {isa = PBXFileReference; lastKnownFileType = sourcecode.swift; path = PomodoroTimer.swift; sourceTree = "<group>"; };
		1EDECCFB24A2520F00265022 /* ActiveFocusSessionViewModel.swift */ = {isa = PBXFileReference; lastKnownFileType = sourcecode.swift; path = ActiveFocusSessionViewModel.swift; sourceTree = "<group>"; };
		1EE8F7BB24A46BD10085E628 /* eventually.m4r */ = {isa = PBXFileReference; lastKnownFileType = file; path = eventually.m4r; sourceTree = "<group>"; };
/* End PBXFileReference section */

/* Begin PBXFrameworksBuildPhase section */
		1EC8BF9D23A4226600FBF015 /* Frameworks */ = {
			isa = PBXFrameworksBuildPhase;
			buildActionMask = 2147483647;
			files = (
			);
			runOnlyForDeploymentPostprocessing = 0;
		};
		1EC8BFB223A4226700FBF015 /* Frameworks */ = {
			isa = PBXFrameworksBuildPhase;
			buildActionMask = 2147483647;
			files = (
			);
			runOnlyForDeploymentPostprocessing = 0;
		};
		1EC8BFBD23A4226700FBF015 /* Frameworks */ = {
			isa = PBXFrameworksBuildPhase;
			buildActionMask = 2147483647;
			files = (
			);
			runOnlyForDeploymentPostprocessing = 0;
		};
/* End PBXFrameworksBuildPhase section */

/* Begin PBXGroup section */
		1E9A9F2724A27CC100646BF9 /* Singletons */ = {
			isa = PBXGroup;
			children = (
				1EC8BFA323A4226600FBF015 /* AppDelegate.swift */,
				1EC8BFD323A4229C00FBF015 /* PomodoroTimer.swift */,
				1E3FB0FF243298C900657F66 /* EventMonitor.swift */,
				1E3FB1012432B0BC00657F66 /* NotificationManager.swift */,
				1E9A9F1F24A2571E00646BF9 /* Constants.swift */,
				1E27E8FE24A3E58B002B81CE /* StatusBarContainer.swift */,
			);
			path = Singletons;
			sourceTree = "<group>";
		};
		1EA5A16924A1B36C00C5910B /* ViewControllers */ = {
			isa = PBXGroup;
			children = (
				1EC8BFA523A4226600FBF015 /* ActiveFocusSessionViewController.swift */,
				1E27E90024A3EEEA002B81CE /* TransitionDecisionViewController.swift */,
			);
			path = ViewControllers;
			sourceTree = "<group>";
		};
		1EA5A16A24A1B37800C5910B /* ViewModels */ = {
			isa = PBXGroup;
			children = (
				1EDECCFB24A2520F00265022 /* ActiveFocusSessionViewModel.swift */,
			);
			path = ViewModels;
			sourceTree = "<group>";
		};
		1EA5A16B24A1B38000C5910B /* Views */ = {
			isa = PBXGroup;
			children = (
				1EC8BFAC23A4226700FBF015 /* Main.storyboard */,
				1E9A9F2524A25FE000646BF9 /* ViewExtensions.swift */,
				1E9A9F2124A25CE000646BF9 /* ActiveFocusSessionView.swift */,
				1E9A9F2324A25CEB00646BF9 /* ActiveFocusSessionView.xib */,
				1E27E90224A3EF55002B81CE /* TransitionDecisionView.swift */,
				1E27E90424A3EF62002B81CE /* TransitionDecisionView.xib */,
			);
			path = Views;
			sourceTree = "<group>";
		};
		1EC8BF9723A4226600FBF015 = {
			isa = PBXGroup;
			children = (
				1EC8BFA223A4226600FBF015 /* flexpom-macos */,
				1EC8BFB823A4226700FBF015 /* flexpom-macosTests */,
				1EC8BFC323A4226700FBF015 /* flexpom-macosUITests */,
				1EC8BFA123A4226600FBF015 /* Products */,
			);
			sourceTree = "<group>";
		};
		1EC8BFA123A4226600FBF015 /* Products */ = {
			isa = PBXGroup;
			children = (
				1EC8BFA023A4226600FBF015 /* flexpom-macos.app */,
				1EC8BFB523A4226700FBF015 /* flexpom-macosTests.xctest */,
				1EC8BFC023A4226700FBF015 /* flexpom-macosUITests.xctest */,
			);
			name = Products;
			sourceTree = "<group>";
		};
		1EC8BFA223A4226600FBF015 /* flexpom-macos */ = {
			isa = PBXGroup;
			children = (
				1E9A9F2724A27CC100646BF9 /* Singletons */,
				1EC8BFD223A4227600FBF015 /* Models */,
				1EA5A16A24A1B37800C5910B /* ViewModels */,
				1EA5A16924A1B36C00C5910B /* ViewControllers */,
				1EA5A16B24A1B38000C5910B /* Views */,
				1EE8F7B224A467960085E628 /* Sounds */,
				1EC8BFAA23A4226700FBF015 /* Assets.xcassets */,
				1EC8BFAF23A4226700FBF015 /* Info.plist */,
				1EC8BFB023A4226700FBF015 /* flexpom_macos.entitlements */,
				1EC8BFA723A4226600FBF015 /* flexpom_macos.xcdatamodeld */,
			);
			path = "flexpom-macos";
			sourceTree = "<group>";
		};
		1EC8BFB823A4226700FBF015 /* flexpom-macosTests */ = {
			isa = PBXGroup;
			children = (
				1EC8BFB923A4226700FBF015 /* flexpom_macosTests.swift */,
				1EC8BFBB23A4226700FBF015 /* Info.plist */,
			);
			path = "flexpom-macosTests";
			sourceTree = "<group>";
		};
		1EC8BFC323A4226700FBF015 /* flexpom-macosUITests */ = {
			isa = PBXGroup;
			children = (
				1EC8BFC423A4226700FBF015 /* flexpom_macosUITests.swift */,
				1EC8BFC623A4226700FBF015 /* Info.plist */,
			);
			path = "flexpom-macosUITests";
			sourceTree = "<group>";
		};
		1EC8BFD223A4227600FBF015 /* Models */ = {
			isa = PBXGroup;
			children = (
				1EA5A17024A2486E00C5910B /* FocusSession.swift */,
				1EA5A17224A2487B00C5910B /* TimeBlock.swift */,
			);
			path = Models;
			sourceTree = "<group>";
		};
		1EE8F7B224A467960085E628 /* Sounds */ = {
			isa = PBXGroup;
			children = (
				1EE8F7BB24A46BD10085E628 /* eventually.m4r */,
			);
			path = Sounds;
			sourceTree = "<group>";
		};
/* End PBXGroup section */

/* Begin PBXNativeTarget section */
		1EC8BF9F23A4226600FBF015 /* flexpom-macos */ = {
			isa = PBXNativeTarget;
			buildConfigurationList = 1EC8BFC923A4226700FBF015 /* Build configuration list for PBXNativeTarget "flexpom-macos" */;
			buildPhases = (
				1EC8BF9C23A4226600FBF015 /* Sources */,
				1EC8BF9D23A4226600FBF015 /* Frameworks */,
				1EC8BF9E23A4226600FBF015 /* Resources */,
			);
			buildRules = (
			);
			dependencies = (
			);
			name = "flexpom-macos";
			productName = "flexpom-macos";
			productReference = 1EC8BFA023A4226600FBF015 /* flexpom-macos.app */;
			productType = "com.apple.product-type.application";
		};
		1EC8BFB423A4226700FBF015 /* flexpom-macosTests */ = {
			isa = PBXNativeTarget;
			buildConfigurationList = 1EC8BFCC23A4226700FBF015 /* Build configuration list for PBXNativeTarget "flexpom-macosTests" */;
			buildPhases = (
				1EC8BFB123A4226700FBF015 /* Sources */,
				1EC8BFB223A4226700FBF015 /* Frameworks */,
				1EC8BFB323A4226700FBF015 /* Resources */,
			);
			buildRules = (
			);
			dependencies = (
				1EC8BFB723A4226700FBF015 /* PBXTargetDependency */,
			);
			name = "flexpom-macosTests";
			productName = "flexpom-macosTests";
			productReference = 1EC8BFB523A4226700FBF015 /* flexpom-macosTests.xctest */;
			productType = "com.apple.product-type.bundle.unit-test";
		};
		1EC8BFBF23A4226700FBF015 /* flexpom-macosUITests */ = {
			isa = PBXNativeTarget;
			buildConfigurationList = 1EC8BFCF23A4226700FBF015 /* Build configuration list for PBXNativeTarget "flexpom-macosUITests" */;
			buildPhases = (
				1EC8BFBC23A4226700FBF015 /* Sources */,
				1EC8BFBD23A4226700FBF015 /* Frameworks */,
				1EC8BFBE23A4226700FBF015 /* Resources */,
			);
			buildRules = (
			);
			dependencies = (
				1EC8BFC223A4226700FBF015 /* PBXTargetDependency */,
			);
			name = "flexpom-macosUITests";
			productName = "flexpom-macosUITests";
			productReference = 1EC8BFC023A4226700FBF015 /* flexpom-macosUITests.xctest */;
			productType = "com.apple.product-type.bundle.ui-testing";
		};
/* End PBXNativeTarget section */

/* Begin PBXProject section */
		1EC8BF9823A4226600FBF015 /* Project object */ = {
			isa = PBXProject;
			attributes = {
				LastSwiftUpdateCheck = 1130;
				LastUpgradeCheck = 1140;
				ORGANIZATIONNAME = stembunk;
				TargetAttributes = {
					1EC8BF9F23A4226600FBF015 = {
						CreatedOnToolsVersion = 11.3;
					};
					1EC8BFB423A4226700FBF015 = {
						CreatedOnToolsVersion = 11.3;
						TestTargetID = 1EC8BF9F23A4226600FBF015;
					};
					1EC8BFBF23A4226700FBF015 = {
						CreatedOnToolsVersion = 11.3;
						TestTargetID = 1EC8BF9F23A4226600FBF015;
					};
				};
			};
			buildConfigurationList = 1EC8BF9B23A4226600FBF015 /* Build configuration list for PBXProject "flexpom-macos" */;
			compatibilityVersion = "Xcode 9.3";
			developmentRegion = en;
			hasScannedForEncodings = 0;
			knownRegions = (
				en,
				Base,
			);
			mainGroup = 1EC8BF9723A4226600FBF015;
			productRefGroup = 1EC8BFA123A4226600FBF015 /* Products */;
			projectDirPath = "";
			projectRoot = "";
			targets = (
				1EC8BF9F23A4226600FBF015 /* flexpom-macos */,
				1EC8BFB423A4226700FBF015 /* flexpom-macosTests */,
				1EC8BFBF23A4226700FBF015 /* flexpom-macosUITests */,
			);
		};
/* End PBXProject section */

/* Begin PBXResourcesBuildPhase section */
		1EC8BF9E23A4226600FBF015 /* Resources */ = {
			isa = PBXResourcesBuildPhase;
			buildActionMask = 2147483647;
			files = (
				1EC8BFAB23A4226700FBF015 /* Assets.xcassets in Resources */,
				1EE8F7BC24A46BD10085E628 /* eventually.m4r in Resources */,
				1EC8BFAE23A4226700FBF015 /* Main.storyboard in Resources */,
				1E9A9F2424A25CEB00646BF9 /* ActiveFocusSessionView.xib in Resources */,
				1E27E90524A3EF62002B81CE /* TransitionDecisionView.xib in Resources */,
			);
			runOnlyForDeploymentPostprocessing = 0;
		};
		1EC8BFB323A4226700FBF015 /* Resources */ = {
			isa = PBXResourcesBuildPhase;
			buildActionMask = 2147483647;
			files = (
			);
			runOnlyForDeploymentPostprocessing = 0;
		};
		1EC8BFBE23A4226700FBF015 /* Resources */ = {
			isa = PBXResourcesBuildPhase;
			buildActionMask = 2147483647;
			files = (
			);
			runOnlyForDeploymentPostprocessing = 0;
		};
/* End PBXResourcesBuildPhase section */

/* Begin PBXSourcesBuildPhase section */
		1EC8BF9C23A4226600FBF015 /* Sources */ = {
			isa = PBXSourcesBuildPhase;
			buildActionMask = 2147483647;
			files = (
				1EA5A17124A2486E00C5910B /* FocusSession.swift in Sources */,
				1E3FB1022432B0BC00657F66 /* NotificationManager.swift in Sources */,
				1E27E90324A3EF55002B81CE /* TransitionDecisionView.swift in Sources */,
				1EDECCFC24A2520F00265022 /* ActiveFocusSessionViewModel.swift in Sources */,
				1EC8BFA923A4226600FBF015 /* flexpom_macos.xcdatamodeld in Sources */,
				1E3FB100243298C900657F66 /* EventMonitor.swift in Sources */,
				1E9A9F2024A2571E00646BF9 /* Constants.swift in Sources */,
				1EA5A17324A2487B00C5910B /* TimeBlock.swift in Sources */,
				1EC8BFA623A4226600FBF015 /* ActiveFocusSessionViewController.swift in Sources */,
				1EC8BFD423A4229C00FBF015 /* PomodoroTimer.swift in Sources */,
				1E9A9F2224A25CE000646BF9 /* ActiveFocusSessionView.swift in Sources */,
				1E27E8FF24A3E58B002B81CE /* StatusBarContainer.swift in Sources */,
				1E27E90124A3EEEA002B81CE /* TransitionDecisionViewController.swift in Sources */,
				1E9A9F2624A25FE000646BF9 /* ViewExtensions.swift in Sources */,
				1EC8BFA423A4226600FBF015 /* AppDelegate.swift in Sources */,
			);
			runOnlyForDeploymentPostprocessing = 0;
		};
		1EC8BFB123A4226700FBF015 /* Sources */ = {
			isa = PBXSourcesBuildPhase;
			buildActionMask = 2147483647;
			files = (
				1EC8BFBA23A4226700FBF015 /* flexpom_macosTests.swift in Sources */,
			);
			runOnlyForDeploymentPostprocessing = 0;
		};
		1EC8BFBC23A4226700FBF015 /* Sources */ = {
			isa = PBXSourcesBuildPhase;
			buildActionMask = 2147483647;
			files = (
				1EC8BFC523A4226700FBF015 /* flexpom_macosUITests.swift in Sources */,
			);
			runOnlyForDeploymentPostprocessing = 0;
		};
/* End PBXSourcesBuildPhase section */

/* Begin PBXTargetDependency section */
		1EC8BFB723A4226700FBF015 /* PBXTargetDependency */ = {
			isa = PBXTargetDependency;
			target = 1EC8BF9F23A4226600FBF015 /* flexpom-macos */;
			targetProxy = 1EC8BFB623A4226700FBF015 /* PBXContainerItemProxy */;
		};
		1EC8BFC223A4226700FBF015 /* PBXTargetDependency */ = {
			isa = PBXTargetDependency;
			target = 1EC8BF9F23A4226600FBF015 /* flexpom-macos */;
			targetProxy = 1EC8BFC123A4226700FBF015 /* PBXContainerItemProxy */;
		};
/* End PBXTargetDependency section */

/* Begin PBXVariantGroup section */
		1EC8BFAC23A4226700FBF015 /* Main.storyboard */ = {
			isa = PBXVariantGroup;
			children = (
				1EC8BFAD23A4226700FBF015 /* Base */,
			);
			name = Main.storyboard;
			sourceTree = "<group>";
		};
/* End PBXVariantGroup section */

/* Begin XCBuildConfiguration section */
		1EC8BFC723A4226700FBF015 /* Debug */ = {
			isa = XCBuildConfiguration;
			buildSettings = {
				ALWAYS_SEARCH_USER_PATHS = NO;
				CLANG_ANALYZER_NONNULL = YES;
				CLANG_ANALYZER_NUMBER_OBJECT_CONVERSION = YES_AGGRESSIVE;
				CLANG_CXX_LANGUAGE_STANDARD = "gnu++14";
				CLANG_CXX_LIBRARY = "libc++";
				CLANG_ENABLE_MODULES = YES;
				CLANG_ENABLE_OBJC_ARC = YES;
				CLANG_ENABLE_OBJC_WEAK = YES;
				CLANG_WARN_BLOCK_CAPTURE_AUTORELEASING = YES;
				CLANG_WARN_BOOL_CONVERSION = YES;
				CLANG_WARN_COMMA = YES;
				CLANG_WARN_CONSTANT_CONVERSION = YES;
				CLANG_WARN_DEPRECATED_OBJC_IMPLEMENTATIONS = YES;
				CLANG_WARN_DIRECT_OBJC_ISA_USAGE = YES_ERROR;
				CLANG_WARN_DOCUMENTATION_COMMENTS = YES;
				CLANG_WARN_EMPTY_BODY = YES;
				CLANG_WARN_ENUM_CONVERSION = YES;
				CLANG_WARN_INFINITE_RECURSION = YES;
				CLANG_WARN_INT_CONVERSION = YES;
				CLANG_WARN_NON_LITERAL_NULL_CONVERSION = YES;
				CLANG_WARN_OBJC_IMPLICIT_RETAIN_SELF = YES;
				CLANG_WARN_OBJC_LITERAL_CONVERSION = YES;
				CLANG_WARN_OBJC_ROOT_CLASS = YES_ERROR;
				CLANG_WARN_RANGE_LOOP_ANALYSIS = YES;
				CLANG_WARN_STRICT_PROTOTYPES = YES;
				CLANG_WARN_SUSPICIOUS_MOVE = YES;
				CLANG_WARN_UNGUARDED_AVAILABILITY = YES_AGGRESSIVE;
				CLANG_WARN_UNREACHABLE_CODE = YES;
				CLANG_WARN__DUPLICATE_METHOD_MATCH = YES;
				COPY_PHASE_STRIP = NO;
				DEBUG_INFORMATION_FORMAT = dwarf;
				ENABLE_STRICT_OBJC_MSGSEND = YES;
				ENABLE_TESTABILITY = YES;
				GCC_C_LANGUAGE_STANDARD = gnu11;
				GCC_DYNAMIC_NO_PIC = NO;
				GCC_NO_COMMON_BLOCKS = YES;
				GCC_OPTIMIZATION_LEVEL = 0;
				GCC_PREPROCESSOR_DEFINITIONS = (
					"DEBUG=1",
					"$(inherited)",
				);
				GCC_WARN_64_TO_32_BIT_CONVERSION = YES;
				GCC_WARN_ABOUT_RETURN_TYPE = YES_ERROR;
				GCC_WARN_UNDECLARED_SELECTOR = YES;
				GCC_WARN_UNINITIALIZED_AUTOS = YES_AGGRESSIVE;
				GCC_WARN_UNUSED_FUNCTION = YES;
				GCC_WARN_UNUSED_VARIABLE = YES;
				MACOSX_DEPLOYMENT_TARGET = 10.15;
				MTL_ENABLE_DEBUG_INFO = INCLUDE_SOURCE;
				MTL_FAST_MATH = YES;
				ONLY_ACTIVE_ARCH = YES;
				SDKROOT = macosx;
				SWIFT_ACTIVE_COMPILATION_CONDITIONS = DEBUG;
				SWIFT_OPTIMIZATION_LEVEL = "-Onone";
			};
			name = Debug;
		};
		1EC8BFC823A4226700FBF015 /* Release */ = {
			isa = XCBuildConfiguration;
			buildSettings = {
				ALWAYS_SEARCH_USER_PATHS = NO;
				CLANG_ANALYZER_NONNULL = YES;
				CLANG_ANALYZER_NUMBER_OBJECT_CONVERSION = YES_AGGRESSIVE;
				CLANG_CXX_LANGUAGE_STANDARD = "gnu++14";
				CLANG_CXX_LIBRARY = "libc++";
				CLANG_ENABLE_MODULES = YES;
				CLANG_ENABLE_OBJC_ARC = YES;
				CLANG_ENABLE_OBJC_WEAK = YES;
				CLANG_WARN_BLOCK_CAPTURE_AUTORELEASING = YES;
				CLANG_WARN_BOOL_CONVERSION = YES;
				CLANG_WARN_COMMA = YES;
				CLANG_WARN_CONSTANT_CONVERSION = YES;
				CLANG_WARN_DEPRECATED_OBJC_IMPLEMENTATIONS = YES;
				CLANG_WARN_DIRECT_OBJC_ISA_USAGE = YES_ERROR;
				CLANG_WARN_DOCUMENTATION_COMMENTS = YES;
				CLANG_WARN_EMPTY_BODY = YES;
				CLANG_WARN_ENUM_CONVERSION = YES;
				CLANG_WARN_INFINITE_RECURSION = YES;
				CLANG_WARN_INT_CONVERSION = YES;
				CLANG_WARN_NON_LITERAL_NULL_CONVERSION = YES;
				CLANG_WARN_OBJC_IMPLICIT_RETAIN_SELF = YES;
				CLANG_WARN_OBJC_LITERAL_CONVERSION = YES;
				CLANG_WARN_OBJC_ROOT_CLASS = YES_ERROR;
				CLANG_WARN_RANGE_LOOP_ANALYSIS = YES;
				CLANG_WARN_STRICT_PROTOTYPES = YES;
				CLANG_WARN_SUSPICIOUS_MOVE = YES;
				CLANG_WARN_UNGUARDED_AVAILABILITY = YES_AGGRESSIVE;
				CLANG_WARN_UNREACHABLE_CODE = YES;
				CLANG_WARN__DUPLICATE_METHOD_MATCH = YES;
				COPY_PHASE_STRIP = NO;
				DEBUG_INFORMATION_FORMAT = "dwarf-with-dsym";
				ENABLE_NS_ASSERTIONS = NO;
				ENABLE_STRICT_OBJC_MSGSEND = YES;
				GCC_C_LANGUAGE_STANDARD = gnu11;
				GCC_NO_COMMON_BLOCKS = YES;
				GCC_WARN_64_TO_32_BIT_CONVERSION = YES;
				GCC_WARN_ABOUT_RETURN_TYPE = YES_ERROR;
				GCC_WARN_UNDECLARED_SELECTOR = YES;
				GCC_WARN_UNINITIALIZED_AUTOS = YES_AGGRESSIVE;
				GCC_WARN_UNUSED_FUNCTION = YES;
				GCC_WARN_UNUSED_VARIABLE = YES;
				MACOSX_DEPLOYMENT_TARGET = 10.15;
				MTL_ENABLE_DEBUG_INFO = NO;
				MTL_FAST_MATH = YES;
				SDKROOT = macosx;
				SWIFT_COMPILATION_MODE = wholemodule;
				SWIFT_OPTIMIZATION_LEVEL = "-O";
			};
			name = Release;
		};
		1EC8BFCA23A4226700FBF015 /* Debug */ = {
			isa = XCBuildConfiguration;
			buildSettings = {
				ASSETCATALOG_COMPILER_APPICON_NAME = AppIcon;
				CODE_SIGN_ENTITLEMENTS = "flexpom-macos/flexpom_macos.entitlements";
				CODE_SIGN_IDENTITY = "-";
				CODE_SIGN_STYLE = Automatic;
				COMBINE_HIDPI_IMAGES = YES;
				DEVELOPMENT_TEAM = 753255PBHL;
				ENABLE_HARDENED_RUNTIME = YES;
				INFOPLIST_FILE = "flexpom-macos/Info.plist";
				LD_RUNPATH_SEARCH_PATHS = (
					"$(inherited)",
					"@executable_path/../Frameworks",
				);
				PRODUCT_BUNDLE_IDENTIFIER = "stembunk.flexpom-macos";
				PRODUCT_NAME = "$(TARGET_NAME)";
				SWIFT_VERSION = 5.0;
			};
			name = Debug;
		};
		1EC8BFCB23A4226700FBF015 /* Release */ = {
			isa = XCBuildConfiguration;
			buildSettings = {
				ASSETCATALOG_COMPILER_APPICON_NAME = AppIcon;
				CODE_SIGN_ENTITLEMENTS = "flexpom-macos/flexpom_macos.entitlements";
				CODE_SIGN_IDENTITY = "-";
				CODE_SIGN_STYLE = Automatic;
				COMBINE_HIDPI_IMAGES = YES;
				DEVELOPMENT_TEAM = 753255PBHL;
				ENABLE_HARDENED_RUNTIME = YES;
				INFOPLIST_FILE = "flexpom-macos/Info.plist";
				LD_RUNPATH_SEARCH_PATHS = (
					"$(inherited)",
					"@executable_path/../Frameworks",
				);
				PRODUCT_BUNDLE_IDENTIFIER = "stembunk.flexpom-macos";
				PRODUCT_NAME = "$(TARGET_NAME)";
				SWIFT_VERSION = 5.0;
			};
			name = Release;
		};
		1EC8BFCD23A4226700FBF015 /* Debug */ = {
			isa = XCBuildConfiguration;
			buildSettings = {
				ALWAYS_EMBED_SWIFT_STANDARD_LIBRARIES = YES;
				BUNDLE_LOADER = "$(TEST_HOST)";
				CODE_SIGN_STYLE = Automatic;
				COMBINE_HIDPI_IMAGES = YES;
				DEVELOPMENT_TEAM = 753255PBHL;
				INFOPLIST_FILE = "flexpom-macosTests/Info.plist";
				LD_RUNPATH_SEARCH_PATHS = (
					"$(inherited)",
					"@executable_path/../Frameworks",
					"@loader_path/../Frameworks",
				);
				MACOSX_DEPLOYMENT_TARGET = 10.15;
				PRODUCT_BUNDLE_IDENTIFIER = "stembunk.flexpom-macosTests";
				PRODUCT_NAME = "$(TARGET_NAME)";
				SWIFT_VERSION = 5.0;
				TEST_HOST = "$(BUILT_PRODUCTS_DIR)/flexpom-macos.app/Contents/MacOS/flexpom-macos";
			};
			name = Debug;
		};
		1EC8BFCE23A4226700FBF015 /* Release */ = {
			isa = XCBuildConfiguration;
			buildSettings = {
				ALWAYS_EMBED_SWIFT_STANDARD_LIBRARIES = YES;
				BUNDLE_LOADER = "$(TEST_HOST)";
				CODE_SIGN_STYLE = Automatic;
				COMBINE_HIDPI_IMAGES = YES;
				DEVELOPMENT_TEAM = 753255PBHL;
				INFOPLIST_FILE = "flexpom-macosTests/Info.plist";
				LD_RUNPATH_SEARCH_PATHS = (
					"$(inherited)",
					"@executable_path/../Frameworks",
					"@loader_path/../Frameworks",
				);
				MACOSX_DEPLOYMENT_TARGET = 10.15;
				PRODUCT_BUNDLE_IDENTIFIER = "stembunk.flexpom-macosTests";
				PRODUCT_NAME = "$(TARGET_NAME)";
				SWIFT_VERSION = 5.0;
				TEST_HOST = "$(BUILT_PRODUCTS_DIR)/flexpom-macos.app/Contents/MacOS/flexpom-macos";
			};
			name = Release;
		};
		1EC8BFD023A4226700FBF015 /* Debug */ = {
			isa = XCBuildConfiguration;
			buildSettings = {
				ALWAYS_EMBED_SWIFT_STANDARD_LIBRARIES = YES;
				CODE_SIGN_STYLE = Automatic;
				COMBINE_HIDPI_IMAGES = YES;
				DEVELOPMENT_TEAM = 753255PBHL;
				INFOPLIST_FILE = "flexpom-macosUITests/Info.plist";
				LD_RUNPATH_SEARCH_PATHS = (
					"$(inherited)",
					"@executable_path/../Frameworks",
					"@loader_path/../Frameworks",
				);
				PRODUCT_BUNDLE_IDENTIFIER = "stembunk.flexpom-macosUITests";
				PRODUCT_NAME = "$(TARGET_NAME)";
				SWIFT_VERSION = 5.0;
				TEST_TARGET_NAME = "flexpom-macos";
			};
			name = Debug;
		};
		1EC8BFD123A4226700FBF015 /* Release */ = {
			isa = XCBuildConfiguration;
			buildSettings = {
				ALWAYS_EMBED_SWIFT_STANDARD_LIBRARIES = YES;
				CODE_SIGN_STYLE = Automatic;
				COMBINE_HIDPI_IMAGES = YES;
				DEVELOPMENT_TEAM = 753255PBHL;
				INFOPLIST_FILE = "flexpom-macosUITests/Info.plist";
				LD_RUNPATH_SEARCH_PATHS = (
					"$(inherited)",
					"@executable_path/../Frameworks",
					"@loader_path/../Frameworks",
				);
				PRODUCT_BUNDLE_IDENTIFIER = "stembunk.flexpom-macosUITests";
				PRODUCT_NAME = "$(TARGET_NAME)";
				SWIFT_VERSION = 5.0;
				TEST_TARGET_NAME = "flexpom-macos";
			};
			name = Release;
		};
/* End XCBuildConfiguration section */

/* Begin XCConfigurationList section */
		1EC8BF9B23A4226600FBF015 /* Build configuration list for PBXProject "flexpom-macos" */ = {
			isa = XCConfigurationList;
			buildConfigurations = (
				1EC8BFC723A4226700FBF015 /* Debug */,
				1EC8BFC823A4226700FBF015 /* Release */,
			);
			defaultConfigurationIsVisible = 0;
			defaultConfigurationName = Release;
		};
		1EC8BFC923A4226700FBF015 /* Build configuration list for PBXNativeTarget "flexpom-macos" */ = {
			isa = XCConfigurationList;
			buildConfigurations = (
				1EC8BFCA23A4226700FBF015 /* Debug */,
				1EC8BFCB23A4226700FBF015 /* Release */,
			);
			defaultConfigurationIsVisible = 0;
			defaultConfigurationName = Release;
		};
		1EC8BFCC23A4226700FBF015 /* Build configuration list for PBXNativeTarget "flexpom-macosTests" */ = {
			isa = XCConfigurationList;
			buildConfigurations = (
				1EC8BFCD23A4226700FBF015 /* Debug */,
				1EC8BFCE23A4226700FBF015 /* Release */,
			);
			defaultConfigurationIsVisible = 0;
			defaultConfigurationName = Release;
		};
		1EC8BFCF23A4226700FBF015 /* Build configuration list for PBXNativeTarget "flexpom-macosUITests" */ = {
			isa = XCConfigurationList;
			buildConfigurations = (
				1EC8BFD023A4226700FBF015 /* Debug */,
				1EC8BFD123A4226700FBF015 /* Release */,
			);
			defaultConfigurationIsVisible = 0;
			defaultConfigurationName = Release;
		};
/* End XCConfigurationList section */

/* Begin XCVersionGroup section */
		1EC8BFA723A4226600FBF015 /* flexpom_macos.xcdatamodeld */ = {
			isa = XCVersionGroup;
			children = (
				1EC8BFA823A4226600FBF015 /* flexpom_macos.xcdatamodel */,
			);
			currentVersion = 1EC8BFA823A4226600FBF015 /* flexpom_macos.xcdatamodel */;
			path = flexpom_macos.xcdatamodeld;
			sourceTree = "<group>";
			versionGroupType = wrapper.xcdatamodel;
		};
/* End XCVersionGroup section */
	};
	rootObject = 1EC8BF9823A4226600FBF015 /* Project object */;
}
